// !$*UTF8*$!
{
	archiveVersion = 1;
	classes = {
	};
	objectVersion = 50;
	objects = {

/* Begin PBXBuildFile section */
		A9D6A8E125026BE400180A49 /* AppDelegate.swift in Sources */ = {isa = PBXBuildFile; fileRef = A9D6A8E025026BE400180A49 /* AppDelegate.swift */; };
		A9D6A8E325026BE400180A49 /* SceneDelegate.swift in Sources */ = {isa = PBXBuildFile; fileRef = A9D6A8E225026BE400180A49 /* SceneDelegate.swift */; };
		A9D6A8E525026BE400180A49 /* ViewController.swift in Sources */ = {isa = PBXBuildFile; fileRef = A9D6A8E425026BE400180A49 /* ViewController.swift */; };
		A9D6A8E825026BE400180A49 /* Main.storyboard in Resources */ = {isa = PBXBuildFile; fileRef = A9D6A8E625026BE400180A49 /* Main.storyboard */; };
		A9D6A8EB25026BE400180A49 /* FoodBook.xcdatamodeld in Sources */ = {isa = PBXBuildFile; fileRef = A9D6A8E925026BE400180A49 /* FoodBook.xcdatamodeld */; };
		A9D6A8ED25026BE900180A49 /* Assets.xcassets in Resources */ = {isa = PBXBuildFile; fileRef = A9D6A8EC25026BE900180A49 /* Assets.xcassets */; };
		A9D6A8F025026BE900180A49 /* LaunchScreen.storyboard in Resources */ = {isa = PBXBuildFile; fileRef = A9D6A8EE25026BE900180A49 /* LaunchScreen.storyboard */; };
/* End PBXBuildFile section */

/* Begin PBXFileReference section */
		A9D6A8DD25026BE400180A49 /* FoodBook.app */ = {isa = PBXFileReference; explicitFileType = wrapper.application; includeInIndex = 0; path = FoodBook.app; sourceTree = BUILT_PRODUCTS_DIR; };
		A9D6A8E025026BE400180A49 /* AppDelegate.swift */ = {isa = PBXFileReference; lastKnownFileType = sourcecode.swift; path = AppDelegate.swift; sourceTree = "<group>"; };
		A9D6A8E225026BE400180A49 /* SceneDelegate.swift */ = {isa = PBXFileReference; lastKnownFileType = sourcecode.swift; path = SceneDelegate.swift; sourceTree = "<group>"; };
		A9D6A8E425026BE400180A49 /* ViewController.swift */ = {isa = PBXFileReference; lastKnownFileType = sourcecode.swift; path = ViewController.swift; sourceTree = "<group>"; };
		A9D6A8E725026BE400180A49 /* Base */ = {isa = PBXFileReference; lastKnownFileType = file.storyboard; name = Base; path = Base.lproj/Main.storyboard; sourceTree = "<group>"; };
		A9D6A8EA25026BE400180A49 /* FoodBook.xcdatamodel */ = {isa = PBXFileReference; lastKnownFileType = wrapper.xcdatamodel; path = FoodBook.xcdatamodel; sourceTree = "<group>"; };
		A9D6A8EC25026BE900180A49 /* Assets.xcassets */ = {isa = PBXFileReference; lastKnownFileType = folder.assetcatalog; path = Assets.xcassets; sourceTree = "<group>"; };
		A9D6A8EF25026BE900180A49 /* Base */ = {isa = PBXFileReference; lastKnownFileType = file.storyboard; name = Base; path = Base.lproj/LaunchScreen.storyboard; sourceTree = "<group>"; };
		A9D6A8F125026BE900180A49 /* Info.plist */ = {isa = PBXFileReference; lastKnownFileType = text.plist.xml; path = Info.plist; sourceTree = "<group>"; };
/* End PBXFileReference section */

/* Begin PBXFrameworksBuildPhase section */
		A9D6A8DA25026BE400180A49 /* Frameworks */ = {
			isa = PBXFrameworksBuildPhase;
			buildActionMask = 2147483647;
			files = (
			);
			runOnlyForDeploymentPostprocessing = 0;
		};
/* End PBXFrameworksBuildPhase section */

/* Begin PBXGroup section */
		A9D6A8D425026BE400180A49 = {
			isa = PBXGroup;
			children = (
				A9D6A8DF25026BE400180A49 /* FoodBook */,
				A9D6A8DE25026BE400180A49 /* Products */,
			);
			sourceTree = "<group>";
		};
		A9D6A8DE25026BE400180A49 /* Products */ = {
			isa = PBXGroup;
			children = (
				A9D6A8DD25026BE400180A49 /* FoodBook.app */,
			);
			name = Products;
			sourceTree = "<group>";
		};
		A9D6A8DF25026BE400180A49 /* FoodBook */ = {
			isa = PBXGroup;
			children = (
				A9D6A8E025026BE400180A49 /* AppDelegate.swift */,
				A9D6A8E225026BE400180A49 /* SceneDelegate.swift */,
				A9D6A8E425026BE400180A49 /* ViewController.swift */,
				A9D6A8E625026BE400180A49 /* Main.storyboard */,
				A9D6A8EC25026BE900180A49 /* Assets.xcassets */,
				A9D6A8EE25026BE900180A49 /* LaunchScreen.storyboard */,
				A9D6A8F125026BE900180A49 /* Info.plist */,
				A9D6A8E925026BE400180A49 /* FoodBook.xcdatamodeld */,
			);
			path = FoodBook;
			sourceTree = "<group>";
		};
/* End PBXGroup section */

/* Begin PBXNativeTarget section */
		A9D6A8DC25026BE400180A49 /* FoodBook */ = {
			isa = PBXNativeTarget;
			buildConfigurationList = A9D6A8F425026BE900180A49 /* Build configuration list for PBXNativeTarget "FoodBook" */;
			buildPhases = (
				A9D6A8D925026BE400180A49 /* Sources */,
				A9D6A8DA25026BE400180A49 /* Frameworks */,
				A9D6A8DB25026BE400180A49 /* Resources */,
			);
			buildRules = (
			);
			dependencies = (
			);
			name = FoodBook;
			productName = FoodBook;
			productReference = A9D6A8DD25026BE400180A49 /* FoodBook.app */;
			productType = "com.apple.product-type.application";
		};
/* End PBXNativeTarget section */

/* Begin PBXProject section */
		A9D6A8D525026BE400180A49 /* Project object */ = {
			isa = PBXProject;
			attributes = {
				LastSwiftUpdateCheck = 1160;
				LastUpgradeCheck = 1160;
				ORGANIZATIONNAME = FoodBook;
				TargetAttributes = {
					A9D6A8DC25026BE400180A49 = {
						CreatedOnToolsVersion = 11.6;
					};
				};
			};
			buildConfigurationList = A9D6A8D825026BE400180A49 /* Build configuration list for PBXProject "FoodBook" */;
			compatibilityVersion = "Xcode 9.3";
			developmentRegion = en;
			hasScannedForEncodings = 0;
			knownRegions = (
				en,
				Base,
			);
			mainGroup = A9D6A8D425026BE400180A49;
			productRefGroup = A9D6A8DE25026BE400180A49 /* Products */;
			projectDirPath = "";
			projectRoot = "";
			targets = (
				A9D6A8DC25026BE400180A49 /* FoodBook */,
			);
		};
/* End PBXProject section */

/* Begin PBXResourcesBuildPhase section */
		A9D6A8DB25026BE400180A49 /* Resources */ = {
			isa = PBXResourcesBuildPhase;
			buildActionMask = 2147483647;
			files = (
				A9D6A8F025026BE900180A49 /* LaunchScreen.storyboard in Resources */,
				A9D6A8ED25026BE900180A49 /* Assets.xcassets in Resources */,
				A9D6A8E825026BE400180A49 /* Main.storyboard in Resources */,
			);
			runOnlyForDeploymentPostprocessing = 0;
		};
/* End PBXResourcesBuildPhase section */

/* Begin PBXSourcesBuildPhase section */
		A9D6A8D925026BE400180A49 /* Sources */ = {
			isa = PBXSourcesBuildPhase;
			buildActionMask = 2147483647;
			files = (
				A9D6A8EB25026BE400180A49 /* FoodBook.xcdatamodeld in Sources */,
				A9D6A8E525026BE400180A49 /* ViewController.swift in Sources */,
				A9D6A8E125026BE400180A49 /* AppDelegate.swift in Sources */,
				A9D6A8E325026BE400180A49 /* SceneDelegate.swift in Sources */,
			);
			runOnlyForDeploymentPostprocessing = 0;
		};
/* End PBXSourcesBuildPhase section */

/* Begin PBXVariantGroup section */
		A9D6A8E625026BE400180A49 /* Main.storyboard */ = {
			isa = PBXVariantGroup;
			children = (
				A9D6A8E725026BE400180A49 /* Base */,
			);
			name = Main.storyboard;
			sourceTree = "<group>";
		};
		A9D6A8EE25026BE900180A49 /* LaunchScreen.storyboard */ = {
			isa = PBXVariantGroup;
			children = (
				A9D6A8EF25026BE900180A49 /* Base */,
			);
			name = LaunchScreen.storyboard;
			sourceTree = "<group>";
		};
/* End PBXVariantGroup section */

/* Begin XCBuildConfiguration section */
		A9D6A8F225026BE900180A49 /* Debug */ = {
			isa = XCBuildConfiguration;
			buildSettings = {
				ALWAYS_SEARCH_USER_PATHS = NO;
				CLANG_ANALYZER_NONNULL = YES;
				CLANG_ANALYZER_NUMBER_OBJECT_CONVERSION = YES_AGGRESSIVE;
				CLANG_CXX_LANGUAGE_STANDARD = "gnu++14";
				CLANG_CXX_LIBRARY = "libc++";
				CLANG_ENABLE_MODULES = YES;
				CLANG_ENABLE_OBJC_ARC = YES;
				CLANG_ENABLE_OBJC_WEAK = YES;
				CLANG_WARN_BLOCK_CAPTURE_AUTORELEASING = YES;
				CLANG_WARN_BOOL_CONVERSION = YES;
				CLANG_WARN_COMMA = YES;
				CLANG_WARN_CONSTANT_CONVERSION = YES;
				CLANG_WARN_DEPRECATED_OBJC_IMPLEMENTATIONS = YES;
				CLANG_WARN_DIRECT_OBJC_ISA_USAGE = YES_ERROR;
				CLANG_WARN_DOCUMENTATION_COMMENTS = YES;
				CLANG_WARN_EMPTY_BODY = YES;
				CLANG_WARN_ENUM_CONVERSION = YES;
				CLANG_WARN_INFINITE_RECURSION = YES;
				CLANG_WARN_INT_CONVERSION = YES;
				CLANG_WARN_NON_LITERAL_NULL_CONVERSION = YES;
				CLANG_WARN_OBJC_IMPLICIT_RETAIN_SELF = YES;
				CLANG_WARN_OBJC_LITERAL_CONVERSION = YES;
				CLANG_WARN_OBJC_ROOT_CLASS = YES_ERROR;
				CLANG_WARN_RANGE_LOOP_ANALYSIS = YES;
				CLANG_WARN_STRICT_PROTOTYPES = YES;
				CLANG_WARN_SUSPICIOUS_MOVE = YES;
				CLANG_WARN_UNGUARDED_AVAILABILITY = YES_AGGRESSIVE;
				CLANG_WARN_UNREACHABLE_CODE = YES;
				CLANG_WARN__DUPLICATE_METHOD_MATCH = YES;
				COPY_PHASE_STRIP = NO;
				DEBUG_INFORMATION_FORMAT = dwarf;
				ENABLE_STRICT_OBJC_MSGSEND = YES;
				ENABLE_TESTABILITY = YES;
				GCC_C_LANGUAGE_STANDARD = gnu11;
				GCC_DYNAMIC_NO_PIC = NO;
				GCC_NO_COMMON_BLOCKS = YES;
				GCC_OPTIMIZATION_LEVEL = 0;
				GCC_PREPROCESSOR_DEFINITIONS = (
					"DEBUG=1",
					"$(inherited)",
				);
				GCC_WARN_64_TO_32_BIT_CONVERSION = YES;
				GCC_WARN_ABOUT_RETURN_TYPE = YES_ERROR;
				GCC_WARN_UNDECLARED_SELECTOR = YES;
				GCC_WARN_UNINITIALIZED_AUTOS = YES_AGGRESSIVE;
				GCC_WARN_UNUSED_FUNCTION = YES;
				GCC_WARN_UNUSED_VARIABLE = YES;
				IPHONEOS_DEPLOYMENT_TARGET = 13.6;
				MTL_ENABLE_DEBUG_INFO = INCLUDE_SOURCE;
				MTL_FAST_MATH = YES;
				ONLY_ACTIVE_ARCH = YES;
				SDKROOT = iphoneos;
				SWIFT_ACTIVE_COMPILATION_CONDITIONS = DEBUG;
				SWIFT_OPTIMIZATION_LEVEL = "-Onone";
			};
			name = Debug;
		};
		A9D6A8F325026BE900180A49 /* Release */ = {
			isa = XCBuildConfiguration;
			buildSettings = {
				ALWAYS_SEARCH_USER_PATHS = NO;
				CLANG_ANALYZER_NONNULL = YES;
				CLANG_ANALYZER_NUMBER_OBJECT_CONVERSION = YES_AGGRESSIVE;
				CLANG_CXX_LANGUAGE_STANDARD = "gnu++14";
				CLANG_CXX_LIBRARY = "libc++";
				CLANG_ENABLE_MODULES = YES;
				CLANG_ENABLE_OBJC_ARC = YES;
				CLANG_ENABLE_OBJC_WEAK = YES;
				CLANG_WARN_BLOCK_CAPTURE_AUTORELEASING = YES;
				CLANG_WARN_BOOL_CONVERSION = YES;
				CLANG_WARN_COMMA = YES;
				CLANG_WARN_CONSTANT_CONVERSION = YES;
				CLANG_WARN_DEPRECATED_OBJC_IMPLEMENTATIONS = YES;
				CLANG_WARN_DIRECT_OBJC_ISA_USAGE = YES_ERROR;
				CLANG_WARN_DOCUMENTATION_COMMENTS = YES;
				CLANG_WARN_EMPTY_BODY = YES;
				CLANG_WARN_ENUM_CONVERSION = YES;
				CLANG_WARN_INFINITE_RECURSION = YES;
				CLANG_WARN_INT_CONVERSION = YES;
				CLANG_WARN_NON_LITERAL_NULL_CONVERSION = YES;
				CLANG_WARN_OBJC_IMPLICIT_RETAIN_SELF = YES;
				CLANG_WARN_OBJC_LITERAL_CONVERSION = YES;
				CLANG_WARN_OBJC_ROOT_CLASS = YES_ERROR;
				CLANG_WARN_RANGE_LOOP_ANALYSIS = YES;
				CLANG_WARN_STRICT_PROTOTYPES = YES;
				CLANG_WARN_SUSPICIOUS_MOVE = YES;
				CLANG_WARN_UNGUARDED_AVAILABILITY = YES_AGGRESSIVE;
				CLANG_WARN_UNREACHABLE_CODE = YES;
				CLANG_WARN__DUPLICATE_METHOD_MATCH = YES;
				COPY_PHASE_STRIP = NO;
				DEBUG_INFORMATION_FORMAT = "dwarf-with-dsym";
				ENABLE_NS_ASSERTIONS = NO;
				ENABLE_STRICT_OBJC_MSGSEND = YES;
				GCC_C_LANGUAGE_STANDARD = gnu11;
				GCC_NO_COMMON_BLOCKS = YES;
				GCC_WARN_64_TO_32_BIT_CONVERSION = YES;
				GCC_WARN_ABOUT_RETURN_TYPE = YES_ERROR;
				GCC_WARN_UNDECLARED_SELECTOR = YES;
				GCC_WARN_UNINITIALIZED_AUTOS = YES_AGGRESSIVE;
				GCC_WARN_UNUSED_FUNCTION = YES;
				GCC_WARN_UNUSED_VARIABLE = YES;
				IPHONEOS_DEPLOYMENT_TARGET = 13.6;
				MTL_ENABLE_DEBUG_INFO = NO;
				MTL_FAST_MATH = YES;
				SDKROOT = iphoneos;
				SWIFT_COMPILATION_MODE = wholemodule;
				SWIFT_OPTIMIZATION_LEVEL = "-O";
				VALIDATE_PRODUCT = YES;
			};
			name = Release;
		};
		A9D6A8F525026BE900180A49 /* Debug */ = {
			isa = XCBuildConfiguration;
			buildSettings = {
				ASSETCATALOG_COMPILER_APPICON_NAME = AppIcon;
				CODE_SIGN_STYLE = Automatic;
				INFOPLIST_FILE = FoodBook/Info.plist;
				LD_RUNPATH_SEARCH_PATHS = (
					"$(inherited)",
					"@executable_path/Frameworks",
				);
				PRODUCT_BUNDLE_IDENTIFIER = br.com.FoodBook;
				PRODUCT_NAME = "$(TARGET_NAME)";
				SWIFT_VERSION = 5.0;
				TARGETED_DEVICE_FAMILY = "1,2";
			};
			name = Debug;
		};
		A9D6A8F625026BE900180A49 /* Release */ = {
			isa = XCBuildConfiguration;
			buildSettings = {
				ASSETCATALOG_COMPILER_APPICON_NAME = AppIcon;
				CODE_SIGN_STYLE = Automatic;
				INFOPLIST_FILE = FoodBook/Info.plist;
				LD_RUNPATH_SEARCH_PATHS = (
					"$(inherited)",
					"@executable_path/Frameworks",
				);
				PRODUCT_BUNDLE_IDENTIFIER = br.com.FoodBook;
				PRODUCT_NAME = "$(TARGET_NAME)";
				SWIFT_VERSION = 5.0;
				TARGETED_DEVICE_FAMILY = "1,2";
			};
			name = Release;
		};
/* End XCBuildConfiguration section */

/* Begin XCConfigurationList section */
		A9D6A8D825026BE400180A49 /* Build configuration list for PBXProject "FoodBook" */ = {
			isa = XCConfigurationList;
			buildConfigurations = (
				A9D6A8F225026BE900180A49 /* Debug */,
				A9D6A8F325026BE900180A49 /* Release */,
			);
			defaultConfigurationIsVisible = 0;
			defaultConfigurationName = Release;
		};
		A9D6A8F425026BE900180A49 /* Build configuration list for PBXNativeTarget "FoodBook" */ = {
			isa = XCConfigurationList;
			buildConfigurations = (
				A9D6A8F525026BE900180A49 /* Debug */,
				A9D6A8F625026BE900180A49 /* Release */,
			);
			defaultConfigurationIsVisible = 0;
			defaultConfigurationName = Release;
		};
/* End XCConfigurationList section */

/* Begin XCVersionGroup section */
		A9D6A8E925026BE400180A49 /* FoodBook.xcdatamodeld */ = {
			isa = XCVersionGroup;
			children = (
				A9D6A8EA25026BE400180A49 /* FoodBook.xcdatamodel */,
			);
			currentVersion = A9D6A8EA25026BE400180A49 /* FoodBook.xcdatamodel */;
			path = FoodBook.xcdatamodeld;
			sourceTree = "<group>";
			versionGroupType = wrapper.xcdatamodel;
		};
/* End XCVersionGroup section */
	};
	rootObject = A9D6A8D525026BE400180A49 /* Project object */;
}
