// !$*UTF8*$!
{
	archiveVersion = 1;
	classes = {
	};
	objectVersion = 51;
	objects = {

/* Begin PBXBuildFile section */
		A90480C825182E3700265362 /* HomeViewController.swift in Sources */ = {isa = PBXBuildFile; fileRef = A90480C725182E3700265362 /* HomeViewController.swift */; };
		A90480CA25182E4700265362 /* LoginViewController.swift in Sources */ = {isa = PBXBuildFile; fileRef = A90480C925182E4700265362 /* LoginViewController.swift */; };
		A90480CC25182E5D00265362 /* UserModel.swift in Sources */ = {isa = PBXBuildFile; fileRef = A90480CB25182E5D00265362 /* UserModel.swift */; };
		A928F08E2518D0BA00704E50 /* LoginVM.swift in Sources */ = {isa = PBXBuildFile; fileRef = A928F08D2518D0BA00704E50 /* LoginVM.swift */; };
		A928F0902518D0CF00704E50 /* HomeVM.swift in Sources */ = {isa = PBXBuildFile; fileRef = A928F08F2518D0CF00704E50 /* HomeVM.swift */; };
		A9536101251A781E006DDBEF /* SignUpViewController.swift in Sources */ = {isa = PBXBuildFile; fileRef = A9536100251A781E006DDBEF /* SignUpViewController.swift */; };
		A9773EBF25199DF8000A51D4 /* Protocols.swift in Sources */ = {isa = PBXBuildFile; fileRef = A9773EBE25199DF8000A51D4 /* Protocols.swift */; };
		A9D6A8E125026BE400180A49 /* AppDelegate.swift in Sources */ = {isa = PBXBuildFile; fileRef = A9D6A8E025026BE400180A49 /* AppDelegate.swift */; };
		A9D6A8E325026BE400180A49 /* SceneDelegate.swift in Sources */ = {isa = PBXBuildFile; fileRef = A9D6A8E225026BE400180A49 /* SceneDelegate.swift */; };
		A9D6A8E825026BE400180A49 /* Main.storyboard in Resources */ = {isa = PBXBuildFile; fileRef = A9D6A8E625026BE400180A49 /* Main.storyboard */; };
		A9D6A8EB25026BE400180A49 /* FoodBook.xcdatamodeld in Sources */ = {isa = PBXBuildFile; fileRef = A9D6A8E925026BE400180A49 /* FoodBook.xcdatamodeld */; };
		A9D6A8ED25026BE900180A49 /* Assets.xcassets in Resources */ = {isa = PBXBuildFile; fileRef = A9D6A8EC25026BE900180A49 /* Assets.xcassets */; };
		A9D6A8F025026BE900180A49 /* LaunchScreen.storyboard in Resources */ = {isa = PBXBuildFile; fileRef = A9D6A8EE25026BE900180A49 /* LaunchScreen.storyboard */; };
		A9D6A8FA250270F200180A49 /* ServiceParameter.swift in Sources */ = {isa = PBXBuildFile; fileRef = A9D6A8F9250270F200180A49 /* ServiceParameter.swift */; };
		D00E596AFC15ADBEB0A33F48 /* Pods_FoodBook.framework in Frameworks */ = {isa = PBXBuildFile; fileRef = 95BE34A0CD00AF284ABEB651 /* Pods_FoodBook.framework */; };
/* End PBXBuildFile section */

/* Begin PBXFileReference section */
		95BE34A0CD00AF284ABEB651 /* Pods_FoodBook.framework */ = {isa = PBXFileReference; explicitFileType = wrapper.framework; includeInIndex = 0; path = Pods_FoodBook.framework; sourceTree = BUILT_PRODUCTS_DIR; };
		A3152E0E8091D667D0A254BC /* Pods-FoodBook.debug.xcconfig */ = {isa = PBXFileReference; includeInIndex = 1; lastKnownFileType = text.xcconfig; name = "Pods-FoodBook.debug.xcconfig"; path = "Target Support Files/Pods-FoodBook/Pods-FoodBook.debug.xcconfig"; sourceTree = "<group>"; };
		A90480C725182E3700265362 /* HomeViewController.swift */ = {isa = PBXFileReference; lastKnownFileType = sourcecode.swift; path = HomeViewController.swift; sourceTree = "<group>"; };
		A90480C925182E4700265362 /* LoginViewController.swift */ = {isa = PBXFileReference; lastKnownFileType = sourcecode.swift; path = LoginViewController.swift; sourceTree = "<group>"; };
		A90480CB25182E5D00265362 /* UserModel.swift */ = {isa = PBXFileReference; lastKnownFileType = sourcecode.swift; path = UserModel.swift; sourceTree = "<group>"; };
		A928F08D2518D0BA00704E50 /* LoginVM.swift */ = {isa = PBXFileReference; lastKnownFileType = sourcecode.swift; path = LoginVM.swift; sourceTree = "<group>"; };
		A928F08F2518D0CF00704E50 /* HomeVM.swift */ = {isa = PBXFileReference; lastKnownFileType = sourcecode.swift; path = HomeVM.swift; sourceTree = "<group>"; };
		A9536100251A781E006DDBEF /* SignUpViewController.swift */ = {isa = PBXFileReference; lastKnownFileType = sourcecode.swift; path = SignUpViewController.swift; sourceTree = "<group>"; };
		A9773EBE25199DF8000A51D4 /* Protocols.swift */ = {isa = PBXFileReference; lastKnownFileType = sourcecode.swift; path = Protocols.swift; sourceTree = "<group>"; };
		A9D6A8DD25026BE400180A49 /* FoodBook.app */ = {isa = PBXFileReference; explicitFileType = wrapper.application; includeInIndex = 0; path = FoodBook.app; sourceTree = BUILT_PRODUCTS_DIR; };
		A9D6A8E025026BE400180A49 /* AppDelegate.swift */ = {isa = PBXFileReference; lastKnownFileType = sourcecode.swift; path = AppDelegate.swift; sourceTree = "<group>"; };
		A9D6A8E225026BE400180A49 /* SceneDelegate.swift */ = {isa = PBXFileReference; lastKnownFileType = sourcecode.swift; path = SceneDelegate.swift; sourceTree = "<group>"; };
		A9D6A8E725026BE400180A49 /* Base */ = {isa = PBXFileReference; lastKnownFileType = file.storyboard; name = Base; path = Base.lproj/Main.storyboard; sourceTree = "<group>"; };
		A9D6A8EA25026BE400180A49 /* FoodBook.xcdatamodel */ = {isa = PBXFileReference; lastKnownFileType = wrapper.xcdatamodel; path = FoodBook.xcdatamodel; sourceTree = "<group>"; };
		A9D6A8EC25026BE900180A49 /* Assets.xcassets */ = {isa = PBXFileReference; lastKnownFileType = folder.assetcatalog; path = Assets.xcassets; sourceTree = "<group>"; };
		A9D6A8EF25026BE900180A49 /* Base */ = {isa = PBXFileReference; lastKnownFileType = file.storyboard; name = Base; path = Base.lproj/LaunchScreen.storyboard; sourceTree = "<group>"; };
		A9D6A8F125026BE900180A49 /* Info.plist */ = {isa = PBXFileReference; lastKnownFileType = text.plist.xml; path = Info.plist; sourceTree = "<group>"; };
		A9D6A8F9250270F200180A49 /* ServiceParameter.swift */ = {isa = PBXFileReference; lastKnownFileType = sourcecode.swift; path = ServiceParameter.swift; sourceTree = "<group>"; };
		DA507732C9B1967BD228AF7B /* Pods-FoodBook.release.xcconfig */ = {isa = PBXFileReference; includeInIndex = 1; lastKnownFileType = text.xcconfig; name = "Pods-FoodBook.release.xcconfig"; path = "Target Support Files/Pods-FoodBook/Pods-FoodBook.release.xcconfig"; sourceTree = "<group>"; };
/* End PBXFileReference section */

/* Begin PBXFrameworksBuildPhase section */
		A9D6A8DA25026BE400180A49 /* Frameworks */ = {
			isa = PBXFrameworksBuildPhase;
			buildActionMask = 2147483647;
			files = (
				D00E596AFC15ADBEB0A33F48 /* Pods_FoodBook.framework in Frameworks */,
			);
			runOnlyForDeploymentPostprocessing = 0;
		};
/* End PBXFrameworksBuildPhase section */

/* Begin PBXGroup section */
		85F41716968C6E78B23A5E7E /* Frameworks */ = {
			isa = PBXGroup;
			children = (
				95BE34A0CD00AF284ABEB651 /* Pods_FoodBook.framework */,
			);
			name = Frameworks;
			sourceTree = "<group>";
		};
		A928F08C2518D09F00704E50 /* ViewModel */ = {
			isa = PBXGroup;
			children = (
				A928F08D2518D0BA00704E50 /* LoginVM.swift */,
				A928F08F2518D0CF00704E50 /* HomeVM.swift */,
			);
			path = ViewModel;
			sourceTree = "<group>";
		};
		A928F0912518D0F600704E50 /* Common */ = {
			isa = PBXGroup;
			children = (
				A9D6A8EC25026BE900180A49 /* Assets.xcassets */,
				A9D6A8E625026BE400180A49 /* Main.storyboard */,
			);
			path = Common;
			sourceTree = "<group>";
		};
		A9773EBD25199DE3000A51D4 /* Protocols */ = {
			isa = PBXGroup;
			children = (
				A9773EBE25199DF8000A51D4 /* Protocols.swift */,
			);
			path = Protocols;
			sourceTree = "<group>";
		};
		A9CA0D49250BBAD6009019AC /* Model */ = {
			isa = PBXGroup;
			children = (
				A90480CB25182E5D00265362 /* UserModel.swift */,
			);
			name = Model;
			sourceTree = "<group>";
		};
		A9CA0D4A250BBAE0009019AC /* View */ = {
			isa = PBXGroup;
			children = (
				A928F0912518D0F600704E50 /* Common */,
				A90480C725182E3700265362 /* HomeViewController.swift */,
				A90480C925182E4700265362 /* LoginViewController.swift */,
				A9536100251A781E006DDBEF /* SignUpViewController.swift */,
			);
			name = View;
			sourceTree = "<group>";
		};
		A9D6A8D425026BE400180A49 = {
			isa = PBXGroup;
			children = (
				A9D6A8DF25026BE400180A49 /* FoodBook */,
				A9D6A8DE25026BE400180A49 /* Products */,
				C2A1B9C6A5E03AA836BFDA10 /* Pods */,
				85F41716968C6E78B23A5E7E /* Frameworks */,
			);
			sourceTree = "<group>";
		};
		A9D6A8DE25026BE400180A49 /* Products */ = {
			isa = PBXGroup;
			children = (
				A9D6A8DD25026BE400180A49 /* FoodBook.app */,
			);
			name = Products;
			sourceTree = "<group>";
		};
		A9D6A8DF25026BE400180A49 /* FoodBook */ = {
			isa = PBXGroup;
			children = (
				A9773EBD25199DE3000A51D4 /* Protocols */,
				A928F08C2518D09F00704E50 /* ViewModel */,
				A9CA0D4A250BBAE0009019AC /* View */,
				A9CA0D49250BBAD6009019AC /* Model */,
				A9D6A8F8250270C600180A49 /* WebService */,
				A9D6A8E025026BE400180A49 /* AppDelegate.swift */,
				A9D6A8E225026BE400180A49 /* SceneDelegate.swift */,
				A9D6A8EE25026BE900180A49 /* LaunchScreen.storyboard */,
				A9D6A8F125026BE900180A49 /* Info.plist */,
				A9D6A8E925026BE400180A49 /* FoodBook.xcdatamodeld */,
			);
			path = FoodBook;
			sourceTree = "<group>";
		};
		A9D6A8F8250270C600180A49 /* WebService */ = {
			isa = PBXGroup;
			children = (
				A9D6A8F9250270F200180A49 /* ServiceParameter.swift */,
			);
			path = WebService;
			sourceTree = "<group>";
		};
		C2A1B9C6A5E03AA836BFDA10 /* Pods */ = {
			isa = PBXGroup;
			children = (
				A3152E0E8091D667D0A254BC /* Pods-FoodBook.debug.xcconfig */,
				DA507732C9B1967BD228AF7B /* Pods-FoodBook.release.xcconfig */,
			);
			path = Pods;
			sourceTree = "<group>";
		};
/* End PBXGroup section */

/* Begin PBXNativeTarget section */
		A9D6A8DC25026BE400180A49 /* FoodBook */ = {
			isa = PBXNativeTarget;
			buildConfigurationList = A9D6A8F425026BE900180A49 /* Build configuration list for PBXNativeTarget "FoodBook" */;
			buildPhases = (
				4A6AE55A3E19311AF699B32E /* [CP] Check Pods Manifest.lock */,
				A9D6A8D925026BE400180A49 /* Sources */,
				A9D6A8DA25026BE400180A49 /* Frameworks */,
				A9D6A8DB25026BE400180A49 /* Resources */,
				EA944162F5BF91474C21CDFE /* [CP] Embed Pods Frameworks */,
			);
			buildRules = (
			);
			dependencies = (
			);
			name = FoodBook;
			productName = FoodBook;
			productReference = A9D6A8DD25026BE400180A49 /* FoodBook.app */;
			productType = "com.apple.product-type.application";
		};
/* End PBXNativeTarget section */

/* Begin PBXProject section */
		A9D6A8D525026BE400180A49 /* Project object */ = {
			isa = PBXProject;
			attributes = {
				LastSwiftUpdateCheck = 1160;
				LastUpgradeCheck = 1160;
				ORGANIZATIONNAME = FoodBook;
				TargetAttributes = {
					A9D6A8DC25026BE400180A49 = {
						CreatedOnToolsVersion = 11.6;
					};
				};
			};
			buildConfigurationList = A9D6A8D825026BE400180A49 /* Build configuration list for PBXProject "FoodBook" */;
			compatibilityVersion = "Xcode 9.3";
			developmentRegion = en;
			hasScannedForEncodings = 0;
			knownRegions = (
				en,
				Base,
			);
			mainGroup = A9D6A8D425026BE400180A49;
			productRefGroup = A9D6A8DE25026BE400180A49 /* Products */;
			projectDirPath = "";
			projectRoot = "";
			targets = (
				A9D6A8DC25026BE400180A49 /* FoodBook */,
			);
		};
/* End PBXProject section */

/* Begin PBXResourcesBuildPhase section */
		A9D6A8DB25026BE400180A49 /* Resources */ = {
			isa = PBXResourcesBuildPhase;
			buildActionMask = 2147483647;
			files = (
				A9D6A8F025026BE900180A49 /* LaunchScreen.storyboard in Resources */,
				A9D6A8ED25026BE900180A49 /* Assets.xcassets in Resources */,
				A9D6A8E825026BE400180A49 /* Main.storyboard in Resources */,
			);
			runOnlyForDeploymentPostprocessing = 0;
		};
/* End PBXResourcesBuildPhase section */

/* Begin PBXShellScriptBuildPhase section */
		4A6AE55A3E19311AF699B32E /* [CP] Check Pods Manifest.lock */ = {
			isa = PBXShellScriptBuildPhase;
			buildActionMask = 2147483647;
			files = (
			);
			inputFileListPaths = (
			);
			inputPaths = (
				"${PODS_PODFILE_DIR_PATH}/Podfile.lock",
				"${PODS_ROOT}/Manifest.lock",
			);
			name = "[CP] Check Pods Manifest.lock";
			outputFileListPaths = (
			);
			outputPaths = (
				"$(DERIVED_FILE_DIR)/Pods-FoodBook-checkManifestLockResult.txt",
			);
			runOnlyForDeploymentPostprocessing = 0;
			shellPath = /bin/sh;
			shellScript = "diff \"${PODS_PODFILE_DIR_PATH}/Podfile.lock\" \"${PODS_ROOT}/Manifest.lock\" > /dev/null\nif [ $? != 0 ] ; then\n    # print error to STDERR\n    echo \"error: The sandbox is not in sync with the Podfile.lock. Run 'pod install' or update your CocoaPods installation.\" >&2\n    exit 1\nfi\n# This output is used by Xcode 'outputs' to avoid re-running this script phase.\necho \"SUCCESS\" > \"${SCRIPT_OUTPUT_FILE_0}\"\n";
			showEnvVarsInLog = 0;
		};
		EA944162F5BF91474C21CDFE /* [CP] Embed Pods Frameworks */ = {
			isa = PBXShellScriptBuildPhase;
			buildActionMask = 2147483647;
			files = (
			);
			inputFileListPaths = (
				"${PODS_ROOT}/Target Support Files/Pods-FoodBook/Pods-FoodBook-frameworks-${CONFIGURATION}-input-files.xcfilelist",
			);
			name = "[CP] Embed Pods Frameworks";
			outputFileListPaths = (
				"${PODS_ROOT}/Target Support Files/Pods-FoodBook/Pods-FoodBook-frameworks-${CONFIGURATION}-output-files.xcfilelist",
			);
			runOnlyForDeploymentPostprocessing = 0;
			shellPath = /bin/sh;
			shellScript = "\"${PODS_ROOT}/Target Support Files/Pods-FoodBook/Pods-FoodBook-frameworks.sh\"\n";
			showEnvVarsInLog = 0;
		};
/* End PBXShellScriptBuildPhase section */

/* Begin PBXSourcesBuildPhase section */
		A9D6A8D925026BE400180A49 /* Sources */ = {
			isa = PBXSourcesBuildPhase;
			buildActionMask = 2147483647;
			files = (
				A9536101251A781E006DDBEF /* SignUpViewController.swift in Sources */,
				A90480CA25182E4700265362 /* LoginViewController.swift in Sources */,
				A928F0902518D0CF00704E50 /* HomeVM.swift in Sources */,
				A9D6A8FA250270F200180A49 /* ServiceParameter.swift in Sources */,
				A9773EBF25199DF8000A51D4 /* Protocols.swift in Sources */,
				A90480CC25182E5D00265362 /* UserModel.swift in Sources */,
				A9D6A8EB25026BE400180A49 /* FoodBook.xcdatamodeld in Sources */,
				A928F08E2518D0BA00704E50 /* LoginVM.swift in Sources */,
				A9D6A8E125026BE400180A49 /* AppDelegate.swift in Sources */,
				A90480C825182E3700265362 /* HomeViewController.swift in Sources */,
				A9D6A8E325026BE400180A49 /* SceneDelegate.swift in Sources */,
			);
			runOnlyForDeploymentPostprocessing = 0;
		};
/* End PBXSourcesBuildPhase section */

/* Begin PBXVariantGroup section */
		A9D6A8E625026BE400180A49 /* Main.storyboard */ = {
			isa = PBXVariantGroup;
			children = (
				A9D6A8E725026BE400180A49 /* Base */,
			);
			name = Main.storyboard;
			sourceTree = "<group>";
		};
		A9D6A8EE25026BE900180A49 /* LaunchScreen.storyboard */ = {
			isa = PBXVariantGroup;
			children = (
				A9D6A8EF25026BE900180A49 /* Base */,
			);
			name = LaunchScreen.storyboard;
			sourceTree = "<group>";
		};
/* End PBXVariantGroup section */

/* Begin XCBuildConfiguration section */
		A9D6A8F225026BE900180A49 /* Debug */ = {
			isa = XCBuildConfiguration;
			buildSettings = {
				ALWAYS_SEARCH_USER_PATHS = NO;
				CLANG_ANALYZER_NONNULL = YES;
				CLANG_ANALYZER_NUMBER_OBJECT_CONVERSION = YES_AGGRESSIVE;
				CLANG_CXX_LANGUAGE_STANDARD = "gnu++14";
				CLANG_CXX_LIBRARY = "libc++";
				CLANG_ENABLE_MODULES = YES;
				CLANG_ENABLE_OBJC_ARC = YES;
				CLANG_ENABLE_OBJC_WEAK = YES;
				CLANG_WARN_BLOCK_CAPTURE_AUTORELEASING = YES;
				CLANG_WARN_BOOL_CONVERSION = YES;
				CLANG_WARN_COMMA = YES;
				CLANG_WARN_CONSTANT_CONVERSION = YES;
				CLANG_WARN_DEPRECATED_OBJC_IMPLEMENTATIONS = YES;
				CLANG_WARN_DIRECT_OBJC_ISA_USAGE = YES_ERROR;
				CLANG_WARN_DOCUMENTATION_COMMENTS = YES;
				CLANG_WARN_EMPTY_BODY = YES;
				CLANG_WARN_ENUM_CONVERSION = YES;
				CLANG_WARN_INFINITE_RECURSION = YES;
				CLANG_WARN_INT_CONVERSION = YES;
				CLANG_WARN_NON_LITERAL_NULL_CONVERSION = YES;
				CLANG_WARN_OBJC_IMPLICIT_RETAIN_SELF = YES;
				CLANG_WARN_OBJC_LITERAL_CONVERSION = YES;
				CLANG_WARN_OBJC_ROOT_CLASS = YES_ERROR;
				CLANG_WARN_RANGE_LOOP_ANALYSIS = YES;
				CLANG_WARN_STRICT_PROTOTYPES = YES;
				CLANG_WARN_SUSPICIOUS_MOVE = YES;
				CLANG_WARN_UNGUARDED_AVAILABILITY = YES_AGGRESSIVE;
				CLANG_WARN_UNREACHABLE_CODE = YES;
				CLANG_WARN__DUPLICATE_METHOD_MATCH = YES;
				COPY_PHASE_STRIP = NO;
				DEBUG_INFORMATION_FORMAT = dwarf;
				ENABLE_STRICT_OBJC_MSGSEND = YES;
				ENABLE_TESTABILITY = YES;
				GCC_C_LANGUAGE_STANDARD = gnu11;
				GCC_DYNAMIC_NO_PIC = NO;
				GCC_NO_COMMON_BLOCKS = YES;
				GCC_OPTIMIZATION_LEVEL = 0;
				GCC_PREPROCESSOR_DEFINITIONS = (
					"DEBUG=1",
					"$(inherited)",
				);
				GCC_WARN_64_TO_32_BIT_CONVERSION = YES;
				GCC_WARN_ABOUT_RETURN_TYPE = YES_ERROR;
				GCC_WARN_UNDECLARED_SELECTOR = YES;
				GCC_WARN_UNINITIALIZED_AUTOS = YES_AGGRESSIVE;
				GCC_WARN_UNUSED_FUNCTION = YES;
				GCC_WARN_UNUSED_VARIABLE = YES;
				IPHONEOS_DEPLOYMENT_TARGET = 13.6;
				MTL_ENABLE_DEBUG_INFO = INCLUDE_SOURCE;
				MTL_FAST_MATH = YES;
				ONLY_ACTIVE_ARCH = YES;
				SDKROOT = iphoneos;
				SWIFT_ACTIVE_COMPILATION_CONDITIONS = DEBUG;
				SWIFT_OPTIMIZATION_LEVEL = "-Onone";
			};
			name = Debug;
		};
		A9D6A8F325026BE900180A49 /* Release */ = {
			isa = XCBuildConfiguration;
			buildSettings = {
				ALWAYS_SEARCH_USER_PATHS = NO;
				CLANG_ANALYZER_NONNULL = YES;
				CLANG_ANALYZER_NUMBER_OBJECT_CONVERSION = YES_AGGRESSIVE;
				CLANG_CXX_LANGUAGE_STANDARD = "gnu++14";
				CLANG_CXX_LIBRARY = "libc++";
				CLANG_ENABLE_MODULES = YES;
				CLANG_ENABLE_OBJC_ARC = YES;
				CLANG_ENABLE_OBJC_WEAK = YES;
				CLANG_WARN_BLOCK_CAPTURE_AUTORELEASING = YES;
				CLANG_WARN_BOOL_CONVERSION = YES;
				CLANG_WARN_COMMA = YES;
				CLANG_WARN_CONSTANT_CONVERSION = YES;
				CLANG_WARN_DEPRECATED_OBJC_IMPLEMENTATIONS = YES;
				CLANG_WARN_DIRECT_OBJC_ISA_USAGE = YES_ERROR;
				CLANG_WARN_DOCUMENTATION_COMMENTS = YES;
				CLANG_WARN_EMPTY_BODY = YES;
				CLANG_WARN_ENUM_CONVERSION = YES;
				CLANG_WARN_INFINITE_RECURSION = YES;
				CLANG_WARN_INT_CONVERSION = YES;
				CLANG_WARN_NON_LITERAL_NULL_CONVERSION = YES;
				CLANG_WARN_OBJC_IMPLICIT_RETAIN_SELF = YES;
				CLANG_WARN_OBJC_LITERAL_CONVERSION = YES;
				CLANG_WARN_OBJC_ROOT_CLASS = YES_ERROR;
				CLANG_WARN_RANGE_LOOP_ANALYSIS = YES;
				CLANG_WARN_STRICT_PROTOTYPES = YES;
				CLANG_WARN_SUSPICIOUS_MOVE = YES;
				CLANG_WARN_UNGUARDED_AVAILABILITY = YES_AGGRESSIVE;
				CLANG_WARN_UNREACHABLE_CODE = YES;
				CLANG_WARN__DUPLICATE_METHOD_MATCH = YES;
				COPY_PHASE_STRIP = NO;
				DEBUG_INFORMATION_FORMAT = "dwarf-with-dsym";
				ENABLE_NS_ASSERTIONS = NO;
				ENABLE_STRICT_OBJC_MSGSEND = YES;
				GCC_C_LANGUAGE_STANDARD = gnu11;
				GCC_NO_COMMON_BLOCKS = YES;
				GCC_WARN_64_TO_32_BIT_CONVERSION = YES;
				GCC_WARN_ABOUT_RETURN_TYPE = YES_ERROR;
				GCC_WARN_UNDECLARED_SELECTOR = YES;
				GCC_WARN_UNINITIALIZED_AUTOS = YES_AGGRESSIVE;
				GCC_WARN_UNUSED_FUNCTION = YES;
				GCC_WARN_UNUSED_VARIABLE = YES;
				IPHONEOS_DEPLOYMENT_TARGET = 13.6;
				MTL_ENABLE_DEBUG_INFO = NO;
				MTL_FAST_MATH = YES;
				SDKROOT = iphoneos;
				SWIFT_COMPILATION_MODE = wholemodule;
				SWIFT_OPTIMIZATION_LEVEL = "-O";
				VALIDATE_PRODUCT = YES;
			};
			name = Release;
		};
		A9D6A8F525026BE900180A49 /* Debug */ = {
			isa = XCBuildConfiguration;
			baseConfigurationReference = A3152E0E8091D667D0A254BC /* Pods-FoodBook.debug.xcconfig */;
			buildSettings = {
				ASSETCATALOG_COMPILER_APPICON_NAME = AppIcon;
				CODE_SIGN_STYLE = Automatic;
				INFOPLIST_FILE = FoodBook/Info.plist;
				LD_RUNPATH_SEARCH_PATHS = (
					"$(inherited)",
					"@executable_path/Frameworks",
				);
				PRODUCT_BUNDLE_IDENTIFIER = br.com.FoodBook;
				PRODUCT_NAME = "$(TARGET_NAME)";
				SWIFT_VERSION = 5.0;
				TARGETED_DEVICE_FAMILY = "1,2";
			};
			name = Debug;
		};
		A9D6A8F625026BE900180A49 /* Release */ = {
			isa = XCBuildConfiguration;
			baseConfigurationReference = DA507732C9B1967BD228AF7B /* Pods-FoodBook.release.xcconfig */;
			buildSettings = {
				ASSETCATALOG_COMPILER_APPICON_NAME = AppIcon;
				CODE_SIGN_STYLE = Automatic;
				INFOPLIST_FILE = FoodBook/Info.plist;
				LD_RUNPATH_SEARCH_PATHS = (
					"$(inherited)",
					"@executable_path/Frameworks",
				);
				PRODUCT_BUNDLE_IDENTIFIER = br.com.FoodBook;
				PRODUCT_NAME = "$(TARGET_NAME)";
				SWIFT_VERSION = 5.0;
				TARGETED_DEVICE_FAMILY = "1,2";
			};
			name = Release;
		};
/* End XCBuildConfiguration section */

/* Begin XCConfigurationList section */
		A9D6A8D825026BE400180A49 /* Build configuration list for PBXProject "FoodBook" */ = {
			isa = XCConfigurationList;
			buildConfigurations = (
				A9D6A8F225026BE900180A49 /* Debug */,
				A9D6A8F325026BE900180A49 /* Release */,
			);
			defaultConfigurationIsVisible = 0;
			defaultConfigurationName = Release;
		};
		A9D6A8F425026BE900180A49 /* Build configuration list for PBXNativeTarget "FoodBook" */ = {
			isa = XCConfigurationList;
			buildConfigurations = (
				A9D6A8F525026BE900180A49 /* Debug */,
				A9D6A8F625026BE900180A49 /* Release */,
			);
			defaultConfigurationIsVisible = 0;
			defaultConfigurationName = Release;
		};
/* End XCConfigurationList section */

/* Begin XCVersionGroup section */
		A9D6A8E925026BE400180A49 /* FoodBook.xcdatamodeld */ = {
			isa = XCVersionGroup;
			children = (
				A9D6A8EA25026BE400180A49 /* FoodBook.xcdatamodel */,
			);
			currentVersion = A9D6A8EA25026BE400180A49 /* FoodBook.xcdatamodel */;
			path = FoodBook.xcdatamodeld;
			sourceTree = "<group>";
			versionGroupType = wrapper.xcdatamodel;
		};
/* End XCVersionGroup section */
	};
	rootObject = A9D6A8D525026BE400180A49 /* Project object */;
}
